
Microsoft Visual Studio Solution File, Format Version 12.00
# Visual Studio Version 17
VisualStudioVersion = 17.0.32126.317
MinimumVisualStudioVersion = 10.0.40219.1
Project("{9A19103F-16F7-4668-BE54-9A1E7A4F7556}") = "PolpAbp.ZeroAdaptors.Core", "src\PolpAbp.ZeroAdaptors.Core\PolpAbp.ZeroAdaptors.Core.csproj", "{795B01F7-1A74-4702-9D2F-39D01EB1B1EF}"
EndProject
Project("{9A19103F-16F7-4668-BE54-9A1E7A4F7556}") = "PolpAbp.ZeroAdaptors.Core.Shared", "src\PolpAbp.ZeroAdaptors.Core.Shared\PolpAbp.ZeroAdaptors.Core.Shared.csproj", "{040479C8-5EAF-44FB-9AD2-8D3409D8A92C}"
EndProject
Project("{9A19103F-16F7-4668-BE54-9A1E7A4F7556}") = "PolpAbp.ZeroAdaptors.Domain", "src\PolpAbp.ZeroAdaptors.Domain\PolpAbp.ZeroAdaptors.Domain.csproj", "{670E2245-1F41-4A0C-815B-38F0FB460CE1}"
EndProject
Project("{9A19103F-16F7-4668-BE54-9A1E7A4F7556}") = "PolpAbp.ZeroAdaptors.Application.Contracts", "src\PolpAbp.ZeroAdaptors.Application.Contracts\PolpAbp.ZeroAdaptors.Application.Contracts.csproj", "{5CACC4C3-F14F-4E00-B4F6-CE8497A1B1F2}"
EndProject
Project("{9A19103F-16F7-4668-BE54-9A1E7A4F7556}") = "PolpAbp.ZeroAdaptors.Application", "src\PolpAbp.ZeroAdaptors.Application\PolpAbp.ZeroAdaptors.Application.csproj", "{5992096D-1E75-434A-8966-D88856021BF5}"
EndProject
Project("{2150E333-8FDC-42A3-9474-1A3956D46DE8}") = "src", "src", "{A01C89A0-242A-49FE-AF4A-AC61E7455396}"
EndProject
Project("{2150E333-8FDC-42A3-9474-1A3956D46DE8}") = "tests", "tests", "{2D026E77-C530-4CF6-A4C0-E7F11C80E1B8}"
EndProject
Project("{9A19103F-16F7-4668-BE54-9A1E7A4F7556}") = "PolpAbp.ZeroAdaptors.TestBase", "tests\PolpAbp.ZeroAdaptors.TestBase\PolpAbp.ZeroAdaptors.TestBase.csproj", "{F1B4B234-3B00-4855-9A44-80A012A40F35}"
EndProject
Project("{9A19103F-16F7-4668-BE54-9A1E7A4F7556}") = "PolpAbp.ZeroAdaptors.Application.Tests", "tests\PolpAbp.ZeroAdaptors.Application.Tests\PolpAbp.ZeroAdaptors.Application.Tests.csproj", "{9E32D61F-237D-4BC4-99B8-19410E1CC3A9}"
EndProject
Global
	GlobalSection(SolutionConfigurationPlatforms) = preSolution
		Debug|Any CPU = Debug|Any CPU
		Release|Any CPU = Release|Any CPU
	EndGlobalSection
	GlobalSection(ProjectConfigurationPlatforms) = postSolution
		{795B01F7-1A74-4702-9D2F-39D01EB1B1EF}.Debug|Any CPU.ActiveCfg = Debug|Any CPU
		{795B01F7-1A74-4702-9D2F-39D01EB1B1EF}.Debug|Any CPU.Build.0 = Debug|Any CPU
		{795B01F7-1A74-4702-9D2F-39D01EB1B1EF}.Release|Any CPU.ActiveCfg = Release|Any CPU
		{795B01F7-1A74-4702-9D2F-39D01EB1B1EF}.Release|Any CPU.Build.0 = Release|Any CPU
		{040479C8-5EAF-44FB-9AD2-8D3409D8A92C}.Debug|Any CPU.ActiveCfg = Debug|Any CPU
		{040479C8-5EAF-44FB-9AD2-8D3409D8A92C}.Debug|Any CPU.Build.0 = Debug|Any CPU
		{040479C8-5EAF-44FB-9AD2-8D3409D8A92C}.Release|Any CPU.ActiveCfg = Release|Any CPU
		{040479C8-5EAF-44FB-9AD2-8D3409D8A92C}.Release|Any CPU.Build.0 = Release|Any CPU
		{670E2245-1F41-4A0C-815B-38F0FB460CE1}.Debug|Any CPU.ActiveCfg = Debug|Any CPU
		{670E2245-1F41-4A0C-815B-38F0FB460CE1}.Debug|Any CPU.Build.0 = Debug|Any CPU
		{670E2245-1F41-4A0C-815B-38F0FB460CE1}.Release|Any CPU.ActiveCfg = Release|Any CPU
		{670E2245-1F41-4A0C-815B-38F0FB460CE1}.Release|Any CPU.Build.0 = Release|Any CPU
		{5CACC4C3-F14F-4E00-B4F6-CE8497A1B1F2}.Debug|Any CPU.ActiveCfg = Debug|Any CPU
		{5CACC4C3-F14F-4E00-B4F6-CE8497A1B1F2}.Debug|Any CPU.Build.0 = Debug|Any CPU
		{5CACC4C3-F14F-4E00-B4F6-CE8497A1B1F2}.Release|Any CPU.ActiveCfg = Release|Any CPU
		{5CACC4C3-F14F-4E00-B4F6-CE8497A1B1F2}.Release|Any CPU.Build.0 = Release|Any CPU
		{5992096D-1E75-434A-8966-D88856021BF5}.Debug|Any CPU.ActiveCfg = Debug|Any CPU
		{5992096D-1E75-434A-8966-D88856021BF5}.Debug|Any CPU.Build.0 = Debug|Any CPU
		{5992096D-1E75-434A-8966-D88856021BF5}.Release|Any CPU.ActiveCfg = Release|Any CPU
		{5992096D-1E75-434A-8966-D88856021BF5}.Release|Any CPU.Build.0 = Release|Any CPU
		{F1B4B234-3B00-4855-9A44-80A012A40F35}.Debug|Any CPU.ActiveCfg = Debug|Any CPU
		{F1B4B234-3B00-4855-9A44-80A012A40F35}.Debug|Any CPU.Build.0 = Debug|Any CPU
		{F1B4B234-3B00-4855-9A44-80A012A40F35}.Release|Any CPU.ActiveCfg = Release|Any CPU
		{F1B4B234-3B00-4855-9A44-80A012A40F35}.Release|Any CPU.Build.0 = Release|Any CPU
		{9E32D61F-237D-4BC4-99B8-19410E1CC3A9}.Debug|Any CPU.ActiveCfg = Debug|Any CPU
		{9E32D61F-237D-4BC4-99B8-19410E1CC3A9}.Debug|Any CPU.Build.0 = Debug|Any CPU
		{9E32D61F-237D-4BC4-99B8-19410E1CC3A9}.Release|Any CPU.ActiveCfg = Release|Any CPU
		{9E32D61F-237D-4BC4-99B8-19410E1CC3A9}.Release|Any CPU.Build.0 = Release|Any CPU
	EndGlobalSection
	GlobalSection(SolutionProperties) = preSolution
		HideSolutionNode = FALSE
	EndGlobalSection
	GlobalSection(NestedProjects) = preSolution
		{795B01F7-1A74-4702-9D2F-39D01EB1B1EF} = {A01C89A0-242A-49FE-AF4A-AC61E7455396}
		{040479C8-5EAF-44FB-9AD2-8D3409D8A92C} = {A01C89A0-242A-49FE-AF4A-AC61E7455396}
		{670E2245-1F41-4A0C-815B-38F0FB460CE1} = {A01C89A0-242A-49FE-AF4A-AC61E7455396}
		{5CACC4C3-F14F-4E00-B4F6-CE8497A1B1F2} = {A01C89A0-242A-49FE-AF4A-AC61E7455396}
		{5992096D-1E75-434A-8966-D88856021BF5} = {A01C89A0-242A-49FE-AF4A-AC61E7455396}
		{F1B4B234-3B00-4855-9A44-80A012A40F35} = {2D026E77-C530-4CF6-A4C0-E7F11C80E1B8}
		{9E32D61F-237D-4BC4-99B8-19410E1CC3A9} = {2D026E77-C530-4CF6-A4C0-E7F11C80E1B8}
	EndGlobalSection
	GlobalSection(ExtensibilityGlobals) = postSolution
		SolutionGuid = {D5D4F4AA-776B-4927-970A-24BFE4E13B1F}
	EndGlobalSection
EndGlobal
